// !$*UTF8*$!
{
	archiveVersion = 1;
	classes = {
	};
	objectVersion = 45;
	objects = {

/* Begin PBXBuildFile section */
		9D380D60100B8ED70007829C /* nnm.h in Headers */ = {isa = PBXBuildFile; fileRef = 9D380D5E100B8ED70007829C /* nnm.h */; };
		9D380D61100B8ED70007829C /* nnm.m in Sources */ = {isa = PBXBuildFile; fileRef = 9D380D5F100B8ED70007829C /* nnm.m */; };
		9D380D63100B8F350007829C /* DataGraph.framework in Frameworks */ = {isa = PBXBuildFile; fileRef = 9D380D62100B8F350007829C /* DataGraph.framework */; };
		9D380D65100B8F560007829C /* SimulationControllerFramework.framework in Frameworks */ = {isa = PBXBuildFile; fileRef = 9D380D64100B8F560007829C /* SimulationControllerFramework.framework */; };
		D2AAC0CC05546C4400DB518D /* Cocoa.framework in Frameworks */ = {isa = PBXBuildFile; fileRef = 1058C7B1FEA5585E11CA2CBB /* Cocoa.framework */; };
		F5CA61B0115FA22200C11F0E /* SCAllocate.c in Sources */ = {isa = PBXBuildFile; fileRef = F5CA61AC115FA22200C11F0E /* SCAllocate.c */; };
		F5CA61B1115FA22200C11F0E /* SCAllocate.h in Headers */ = {isa = PBXBuildFile; fileRef = F5CA61AD115FA22200C11F0E /* SCAllocate.h */; };
		F5CA61B2115FA22200C11F0E /* SCNR.c in Sources */ = {isa = PBXBuildFile; fileRef = F5CA61AE115FA22200C11F0E /* SCNR.c */; };
		F5CA61B3115FA22200C11F0E /* SCNR.h in Headers */ = {isa = PBXBuildFile; fileRef = F5CA61AF115FA22200C11F0E /* SCNR.h */; };
		F5ED4D07116135F900736829 /* model.c in Sources */ = {isa = PBXBuildFile; fileRef = F58F527210BC69D9005A9550 /* model.c */; };
/* End PBXBuildFile section */

/* Begin PBXFileReference section */
		0867D69BFE84028FC02AAC07 /* Foundation.framework */ = {isa = PBXFileReference; lastKnownFileType = wrapper.framework; name = Foundation.framework; path = /System/Library/Frameworks/Foundation.framework; sourceTree = "<absolute>"; };
		0867D6A5FE840307C02AAC07 /* AppKit.framework */ = {isa = PBXFileReference; lastKnownFileType = wrapper.framework; name = AppKit.framework; path = /System/Library/Frameworks/AppKit.framework; sourceTree = "<absolute>"; };
		1058C7B1FEA5585E11CA2CBB /* Cocoa.framework */ = {isa = PBXFileReference; lastKnownFileType = wrapper.framework; name = Cocoa.framework; path = /System/Library/Frameworks/Cocoa.framework; sourceTree = "<absolute>"; };
		32DBCF5E0370ADEE00C91783 /* Sample_Prefix.pch */ = {isa = PBXFileReference; fileEncoding = 4; lastKnownFileType = sourcecode.c.h; path = Sample_Prefix.pch; sourceTree = "<group>"; };
		9D380D5E100B8ED70007829C /* nnm.h */ = {isa = PBXFileReference; fileEncoding = 4; lastKnownFileType = sourcecode.c.h; path = nnm.h; sourceTree = "<group>"; };
		9D380D5F100B8ED70007829C /* nnm.m */ = {isa = PBXFileReference; fileEncoding = 4; lastKnownFileType = sourcecode.c.objc; path = nnm.m; sourceTree = "<group>"; };
		9D380D62100B8F350007829C /* DataGraph.framework */ = {isa = PBXFileReference; lastKnownFileType = wrapper.framework; name = DataGraph.framework; path = ../../../DataGraph/Framework/DataGraph.framework; sourceTree = SOURCE_ROOT; };
		9D380D64100B8F560007829C /* SimulationControllerFramework.framework */ = {isa = PBXFileReference; lastKnownFileType = wrapper.framework; name = SimulationControllerFramework.framework; path = ../../../worlddomination_simcont/trunk/SimulationControllerFramework/build/Debug/SimulationControllerFramework.framework; sourceTree = SOURCE_ROOT; };
		D2A6134D07B89F6200DD23D3 /* CoreData.framework */ = {isa = PBXFileReference; lastKnownFileType = wrapper.framework; name = CoreData.framework; path = /System/Library/Frameworks/CoreData.framework; sourceTree = "<absolute>"; };
		D2AAC0C705546C1D00DB518D /* Sample.dylib */ = {isa = PBXFileReference; explicitFileType = "compiled.mach-o.dylib"; includeInIndex = 0; path = Sample.dylib; sourceTree = BUILT_PRODUCTS_DIR; };
		F58F527210BC69D9005A9550 /* model.c */ = {isa = PBXFileReference; fileEncoding = 4; lastKnownFileType = sourcecode.c.c; path = model.c; sourceTree = "<group>"; };
		F5CA619B115FA04200C11F0E /* template.c */ = {isa = PBXFileReference; fileEncoding = 4; lastKnownFileType = sourcecode.c.c; path = template.c; sourceTree = "<group>"; };
		F5CA61A4115FA07000C11F0E /* template_plot.c */ = {isa = PBXFileReference; fileEncoding = 4; lastKnownFileType = sourcecode.c.c; path = template_plot.c; sourceTree = "<group>"; };
		F5CA61A9115FA1CE00C11F0E /* SCExamples.c */ = {isa = PBXFileReference; fileEncoding = 4; lastKnownFileType = sourcecode.c.c; path = SCExamples.c; sourceTree = "<group>"; };
		F5CA61AC115FA22200C11F0E /* SCAllocate.c */ = {isa = PBXFileReference; fileEncoding = 4; lastKnownFileType = sourcecode.c.c; name = SCAllocate.c; path = ../../../worlddomination_forceproj/trunk/adaptation/SCAllocate.c; sourceTree = SOURCE_ROOT; };
		F5CA61AD115FA22200C11F0E /* SCAllocate.h */ = {isa = PBXFileReference; fileEncoding = 4; lastKnownFileType = sourcecode.c.h; name = SCAllocate.h; path = ../../../worlddomination_forceproj/trunk/adaptation/SCAllocate.h; sourceTree = SOURCE_ROOT; };
		F5CA61AE115FA22200C11F0E /* SCNR.c */ = {isa = PBXFileReference; fileEncoding = 4; lastKnownFileType = sourcecode.c.c; name = SCNR.c; path = ../../../worlddomination_forceproj/trunk/adaptation/SCNR.c; sourceTree = SOURCE_ROOT; };
		F5CA61AF115FA22200C11F0E /* SCNR.h */ = {isa = PBXFileReference; fileEncoding = 4; lastKnownFileType = sourcecode.c.h; name = SCNR.h; path = ../../../worlddomination_forceproj/trunk/adaptation/SCNR.h; sourceTree = SOURCE_ROOT; };
/* End PBXFileReference section */

/* Begin PBXFrameworksBuildPhase section */
		D2AAC0C505546C1D00DB518D /* Frameworks */ = {
			isa = PBXFrameworksBuildPhase;
			buildActionMask = 2147483647;
			files = (
				D2AAC0CC05546C4400DB518D /* Cocoa.framework in Frameworks */,
				9D380D63100B8F350007829C /* DataGraph.framework in Frameworks */,
				9D380D65100B8F560007829C /* SimulationControllerFramework.framework in Frameworks */,
			);
			runOnlyForDeploymentPostprocessing = 0;
		};
/* End PBXFrameworksBuildPhase section */

/* Begin PBXGroup section */
		034768DFFF38A50411DB9C8B /* Products */ = {
			isa = PBXGroup;
			children = (
				D2AAC0C705546C1D00DB518D /* Sample.dylib */,
			);
			name = Products;
			sourceTree = "<group>";
		};
		0867D691FE84028FC02AAC07 /* Sample */ = {
			isa = PBXGroup;
			children = (
				08FB77AEFE84172EC02AAC07 /* Classes */,
				32C88DFF0371C24200C91783 /* Other Sources */,
				0867D69AFE84028FC02AAC07 /* External Frameworks and Libraries */,
				034768DFFF38A50411DB9C8B /* Products */,
			);
			name = Sample;
			sourceTree = "<group>";
		};
		0867D69AFE84028FC02AAC07 /* External Frameworks and Libraries */ = {
			isa = PBXGroup;
			children = (
				1058C7B0FEA5585E11CA2CBB /* Linked Frameworks */,
				1058C7B2FEA5585E11CA2CBB /* Other Frameworks */,
			);
			name = "External Frameworks and Libraries";
			sourceTree = "<group>";
		};
		08FB77AEFE84172EC02AAC07 /* Classes */ = {
			isa = PBXGroup;
			children = (
				9D380D5E100B8ED70007829C /* nnm.h */,
				9D380D5F100B8ED70007829C /* nnm.m */,
				F5CA61AC115FA22200C11F0E /* SCAllocate.c */,
				F5CA61AD115FA22200C11F0E /* SCAllocate.h */,
				F5CA61AE115FA22200C11F0E /* SCNR.c */,
				F5CA61AF115FA22200C11F0E /* SCNR.h */,
			);
			name = Classes;
			sourceTree = "<group>";
		};
		1058C7B0FEA5585E11CA2CBB /* Linked Frameworks */ = {
			isa = PBXGroup;
			children = (
				9D380D64100B8F560007829C /* SimulationControllerFramework.framework */,
				9D380D62100B8F350007829C /* DataGraph.framework */,
				1058C7B1FEA5585E11CA2CBB /* Cocoa.framework */,
			);
			name = "Linked Frameworks";
			sourceTree = "<group>";
		};
		1058C7B2FEA5585E11CA2CBB /* Other Frameworks */ = {
			isa = PBXGroup;
			children = (
				0867D6A5FE840307C02AAC07 /* AppKit.framework */,
				D2A6134D07B89F6200DD23D3 /* CoreData.framework */,
				0867D69BFE84028FC02AAC07 /* Foundation.framework */,
			);
			name = "Other Frameworks";
			sourceTree = "<group>";
		};
		32C88DFF0371C24200C91783 /* Other Sources */ = {
			isa = PBXGroup;
			children = (
				F5CA61A9115FA1CE00C11F0E /* SCExamples.c */,
				F5CA61A4115FA07000C11F0E /* template_plot.c */,
				F5CA619B115FA04200C11F0E /* template.c */,
				F58F527210BC69D9005A9550 /* model.c */,
				32DBCF5E0370ADEE00C91783 /* Sample_Prefix.pch */,
			);
			name = "Other Sources";
			sourceTree = "<group>";
		};
/* End PBXGroup section */

/* Begin PBXHeadersBuildPhase section */
		D2AAC0C305546C1D00DB518D /* Headers */ = {
			isa = PBXHeadersBuildPhase;
			buildActionMask = 2147483647;
			files = (
				9D380D60100B8ED70007829C /* nnm.h in Headers */,
				F5CA61B1115FA22200C11F0E /* SCAllocate.h in Headers */,
				F5CA61B3115FA22200C11F0E /* SCNR.h in Headers */,
			);
			runOnlyForDeploymentPostprocessing = 0;
		};
/* End PBXHeadersBuildPhase section */

/* Begin PBXNativeTarget section */
		D2AAC0C605546C1D00DB518D /* Sample */ = {
			isa = PBXNativeTarget;
			buildConfigurationList = 1DEB917D08733D990010E9CD /* Build configuration list for PBXNativeTarget "Sample" */;
			buildPhases = (
				D2AAC0C305546C1D00DB518D /* Headers */,
				D2AAC0C405546C1D00DB518D /* Sources */,
				D2AAC0C505546C1D00DB518D /* Frameworks */,
			);
			buildRules = (
			);
			dependencies = (
			);
			name = Sample;
			productName = Sample;
			productReference = D2AAC0C705546C1D00DB518D /* Sample.dylib */;
			productType = "com.apple.product-type.library.dynamic";
		};
/* End PBXNativeTarget section */

/* Begin PBXProject section */
		0867D690FE84028FC02AAC07 /* Project object */ = {
			isa = PBXProject;
			buildConfigurationList = 1DEB918108733D990010E9CD /* Build configuration list for PBXProject "Sample" */;
			compatibilityVersion = "Xcode 3.1";
			hasScannedForEncodings = 1;
			mainGroup = 0867D691FE84028FC02AAC07 /* Sample */;
			productRefGroup = 034768DFFF38A50411DB9C8B /* Products */;
			projectDirPath = "";
			projectRoot = "";
			targets = (
				D2AAC0C605546C1D00DB518D /* Sample */,
			);
		};
/* End PBXProject section */

/* Begin PBXSourcesBuildPhase section */
		D2AAC0C405546C1D00DB518D /* Sources */ = {
			isa = PBXSourcesBuildPhase;
			buildActionMask = 2147483647;
			files = (
				9D380D61100B8ED70007829C /* nnm.m in Sources */,
				F5CA61B0115FA22200C11F0E /* SCAllocate.c in Sources */,
				F5CA61B2115FA22200C11F0E /* SCNR.c in Sources */,
				F5ED4D07116135F900736829 /* model.c in Sources */,
			);
			runOnlyForDeploymentPostprocessing = 0;
		};
/* End PBXSourcesBuildPhase section */

/* Begin XCBuildConfiguration section */
		1DEB917E08733D990010E9CD /* Debug */ = {
			isa = XCBuildConfiguration;
			buildSettings = {
				ALWAYS_SEARCH_USER_PATHS = NO;
				ARCHS = "$(ARCHS_STANDARD_32_64_BIT)";
				COPY_PHASE_STRIP = NO;
				DYLIB_COMPATIBILITY_VERSION = 1;
				DYLIB_CURRENT_VERSION = 1;
				FRAMEWORK_SEARCH_PATHS = (
					"~/sandbox/Datagraph/Framework",
					"~/sandbox/worlddomination_simcont/trunk/SimulationControllerFramework/build/Debug",
				);
				GCC_DYNAMIC_NO_PIC = NO;
				GCC_ENABLE_FIX_AND_CONTINUE = YES;
				GCC_MODEL_PPC64 = YES;
				GCC_MODEL_TUNING = G5;
				GCC_OPTIMIZATION_LEVEL = 0;
				GCC_PRECOMPILE_PREFIX_HEADER = YES;
				GCC_PREFIX_HEADER = Sample_Prefix.pch;
				HEADER_SEARCH_PATHS = /usr/local/include;
				INSTALL_PATH = /usr/local/lib;
				LIBRARY_SEARCH_PATHS = "\"$(SRCROOT)/../../../forcelib/forcelib/build/Debug\"";
				OTHER_LDFLAGS = (
					"-lgsl",
					"-lgslcblas",
				);
				PRODUCT_NAME = Sample;
			};
			name = Debug;
		};
		1DEB917F08733D990010E9CD /* Release */ = {
			isa = XCBuildConfiguration;
			buildSettings = {
				ALWAYS_SEARCH_USER_PATHS = NO;
				ARCHS = "$(ARCHS_STANDARD_32_64_BIT)";
				DEBUG_INFORMATION_FORMAT = "dwarf-with-dsym";
				DYLIB_COMPATIBILITY_VERSION = 1;
				DYLIB_CURRENT_VERSION = 1;
				FRAMEWORK_SEARCH_PATHS = (
					"$(inherited)",
					"\"$(SRCROOT)/../../../DataGraph/Framework\"",
					"\"$(SRCROOT)/../../../worlddomination_simcont/trunk/SimulationControllerFramework/build/Debug\"",
				);
				GCC_MODEL_TUNING = G5;
				GCC_PRECOMPILE_PREFIX_HEADER = YES;
				GCC_PREFIX_HEADER = Sample_Prefix.pch;
				INSTALL_PATH = /usr/local/lib;
				PRODUCT_NAME = Sample;
			};
			name = Release;
		};
		1DEB918208733D990010E9CD /* Debug */ = {
			isa = XCBuildConfiguration;
			buildSettings = {
				ARCHS = "$(ARCHS_STANDARD_32_BIT)";
				GCC_C_LANGUAGE_STANDARD = c99;
				GCC_OPTIMIZATION_LEVEL = 0;
				GCC_WARN_ABOUT_RETURN_TYPE = YES;
				GCC_WARN_UNUSED_VARIABLE = YES;
				HEADER_SEARCH_PATHS = /usr/local/include;
				ONLY_ACTIVE_ARCH = YES;
				PREBINDING = NO;
				SDKROOT = macosx10.5;
			};
			name = Debug;
		};
		1DEB918308733D990010E9CD /* Release */ = {
			isa = XCBuildConfiguration;
			buildSettings = {
				ARCHS = "$(ARCHS_STANDARD_32_BIT)";
				GCC_C_LANGUAGE_STANDARD = c99;
				GCC_WARN_ABOUT_RETURN_TYPE = YES;
				GCC_WARN_UNUSED_VARIABLE = YES;
				PREBINDING = NO;
				SDKROOT = macosx10.5;
			};
			name = Release;
		};
/* End XCBuildConfiguration section */

/* Begin XCConfigurationList section */
		1DEB917D08733D990010E9CD /* Build configuration list for PBXNativeTarget "Sample" */ = {
			isa = XCConfigurationList;
			buildConfigurations = (
				1DEB917E08733D990010E9CD /* Debug */,
				1DEB917F08733D990010E9CD /* Release */,
			);
			defaultConfigurationIsVisible = 0;
			defaultConfigurationName = Release;
		};
		1DEB918108733D990010E9CD /* Build configuration list for PBXProject "Sample" */ = {
			isa = XCConfigurationList;
			buildConfigurations = (
				1DEB918208733D990010E9CD /* Debug */,
				1DEB918308733D990010E9CD /* Release */,
			);
			defaultConfigurationIsVisible = 0;
			defaultConfigurationName = Release;
		};
/* End XCConfigurationList section */
	};
	rootObject = 0867D690FE84028FC02AAC07 /* Project object */;
}
